// !$*UTF8*$!
{
	archiveVersion = 1;
	classes = {
	};
	objectVersion = 55;
	objects = {

/* Begin PBXBuildFile section */
		7925590F27E210C100939ADF /* DetailResponse.swift in Sources */ = {isa = PBXBuildFile; fileRef = 7925590E27E210C100939ADF /* DetailResponse.swift */; };
		7925591227E23C0B00939ADF /* Alamofire in Frameworks */ = {isa = PBXBuildFile; productRef = 7925591127E23C0B00939ADF /* Alamofire */; };
		79986C1027DC9BAB00B24BE1 /* AppDelegate.swift in Sources */ = {isa = PBXBuildFile; fileRef = 79986C0F27DC9BAB00B24BE1 /* AppDelegate.swift */; };
		79986C1227DC9BAB00B24BE1 /* SceneDelegate.swift in Sources */ = {isa = PBXBuildFile; fileRef = 79986C1127DC9BAB00B24BE1 /* SceneDelegate.swift */; };
		79986C1427DC9BAB00B24BE1 /* HomeVC.swift in Sources */ = {isa = PBXBuildFile; fileRef = 79986C1327DC9BAB00B24BE1 /* HomeVC.swift */; };
		79986C1727DC9BAB00B24BE1 /* Main.storyboard in Resources */ = {isa = PBXBuildFile; fileRef = 79986C1527DC9BAB00B24BE1 /* Main.storyboard */; };
		79986C1927DC9BAC00B24BE1 /* Assets.xcassets in Resources */ = {isa = PBXBuildFile; fileRef = 79986C1827DC9BAC00B24BE1 /* Assets.xcassets */; };
		79986C1C27DC9BAC00B24BE1 /* LaunchScreen.storyboard in Resources */ = {isa = PBXBuildFile; fileRef = 79986C1A27DC9BAC00B24BE1 /* LaunchScreen.storyboard */; };
		79986C2727DC9BAC00B24BE1 /* TheMovieDBTests.swift in Sources */ = {isa = PBXBuildFile; fileRef = 79986C2627DC9BAC00B24BE1 /* TheMovieDBTests.swift */; };
		79986C3127DC9BAC00B24BE1 /* TheMovieDBUITests.swift in Sources */ = {isa = PBXBuildFile; fileRef = 79986C3027DC9BAC00B24BE1 /* TheMovieDBUITests.swift */; };
		79986C3327DC9BAC00B24BE1 /* TheMovieDBUITestsLaunchTests.swift in Sources */ = {isa = PBXBuildFile; fileRef = 79986C3227DC9BAC00B24BE1 /* TheMovieDBUITestsLaunchTests.swift */; };
		79986C4827DC9DEE00B24BE1 /* HomeProtocol.swift in Sources */ = {isa = PBXBuildFile; fileRef = 79986C4727DC9DEE00B24BE1 /* HomeProtocol.swift */; };
		79986C4A27DC9DF700B24BE1 /* HomeInteractor.swift in Sources */ = {isa = PBXBuildFile; fileRef = 79986C4927DC9DF700B24BE1 /* HomeInteractor.swift */; };
		79986C4C27DC9E0000B24BE1 /* HomePresenter.swift in Sources */ = {isa = PBXBuildFile; fileRef = 79986C4B27DC9E0000B24BE1 /* HomePresenter.swift */; };
		79986C4F27DC9E1100B24BE1 /* HomeRouter.swift in Sources */ = {isa = PBXBuildFile; fileRef = 79986C4E27DC9E1100B24BE1 /* HomeRouter.swift */; };
		79986C5627DC9E6700B24BE1 /* DetailProtocol.swift in Sources */ = {isa = PBXBuildFile; fileRef = 79986C5527DC9E6700B24BE1 /* DetailProtocol.swift */; };
		79986C5827DC9E7900B24BE1 /* DetailInteractor.swift in Sources */ = {isa = PBXBuildFile; fileRef = 79986C5727DC9E7900B24BE1 /* DetailInteractor.swift */; };
		79986C5A27DC9E8300B24BE1 /* DetailRouter.swift in Sources */ = {isa = PBXBuildFile; fileRef = 79986C5927DC9E8300B24BE1 /* DetailRouter.swift */; };
		79986C5C27DC9E8A00B24BE1 /* DetailPresenter.swift in Sources */ = {isa = PBXBuildFile; fileRef = 79986C5B27DC9E8A00B24BE1 /* DetailPresenter.swift */; };
		79986C5E27DC9EC100B24BE1 /* MovieResponse.swift in Sources */ = {isa = PBXBuildFile; fileRef = 79986C5D27DC9EC100B24BE1 /* MovieResponse.swift */; };
		79B8ED7227E33FB600755175 /* HomeTableViewCell.swift in Sources */ = {isa = PBXBuildFile; fileRef = 79B8ED7127E33FB600755175 /* HomeTableViewCell.swift */; };
/* End PBXBuildFile section */

/* Begin PBXContainerItemProxy section */
		79986C2327DC9BAC00B24BE1 /* PBXContainerItemProxy */ = {
			isa = PBXContainerItemProxy;
			containerPortal = 79986C0427DC9BAB00B24BE1 /* Project object */;
			proxyType = 1;
			remoteGlobalIDString = 79986C0B27DC9BAB00B24BE1;
			remoteInfo = TheMovieDB;
		};
		79986C2D27DC9BAC00B24BE1 /* PBXContainerItemProxy */ = {
			isa = PBXContainerItemProxy;
			containerPortal = 79986C0427DC9BAB00B24BE1 /* Project object */;
			proxyType = 1;
			remoteGlobalIDString = 79986C0B27DC9BAB00B24BE1;
			remoteInfo = TheMovieDB;
		};
/* End PBXContainerItemProxy section */

/* Begin PBXFileReference section */
		7925590E27E210C100939ADF /* DetailResponse.swift */ = {isa = PBXFileReference; lastKnownFileType = sourcecode.swift; path = DetailResponse.swift; sourceTree = "<group>"; };
		79986C0C27DC9BAB00B24BE1 /* TheMovieDB.app */ = {isa = PBXFileReference; explicitFileType = wrapper.application; includeInIndex = 0; path = TheMovieDB.app; sourceTree = BUILT_PRODUCTS_DIR; };
		79986C0F27DC9BAB00B24BE1 /* AppDelegate.swift */ = {isa = PBXFileReference; lastKnownFileType = sourcecode.swift; path = AppDelegate.swift; sourceTree = "<group>"; };
		79986C1127DC9BAB00B24BE1 /* SceneDelegate.swift */ = {isa = PBXFileReference; lastKnownFileType = sourcecode.swift; path = SceneDelegate.swift; sourceTree = "<group>"; };
		79986C1327DC9BAB00B24BE1 /* HomeVC.swift */ = {isa = PBXFileReference; lastKnownFileType = sourcecode.swift; path = HomeVC.swift; sourceTree = "<group>"; };
		79986C1627DC9BAB00B24BE1 /* Base */ = {isa = PBXFileReference; lastKnownFileType = file.storyboard; name = Base; path = Base.lproj/Main.storyboard; sourceTree = "<group>"; };
		79986C1827DC9BAC00B24BE1 /* Assets.xcassets */ = {isa = PBXFileReference; lastKnownFileType = folder.assetcatalog; path = Assets.xcassets; sourceTree = "<group>"; };
		79986C1B27DC9BAC00B24BE1 /* Base */ = {isa = PBXFileReference; lastKnownFileType = file.storyboard; name = Base; path = Base.lproj/LaunchScreen.storyboard; sourceTree = "<group>"; };
		79986C1D27DC9BAC00B24BE1 /* Info.plist */ = {isa = PBXFileReference; lastKnownFileType = text.plist.xml; path = Info.plist; sourceTree = "<group>"; };
		79986C2227DC9BAC00B24BE1 /* TheMovieDBTests.xctest */ = {isa = PBXFileReference; explicitFileType = wrapper.cfbundle; includeInIndex = 0; path = TheMovieDBTests.xctest; sourceTree = BUILT_PRODUCTS_DIR; };
		79986C2627DC9BAC00B24BE1 /* TheMovieDBTests.swift */ = {isa = PBXFileReference; lastKnownFileType = sourcecode.swift; path = TheMovieDBTests.swift; sourceTree = "<group>"; };
		79986C2C27DC9BAC00B24BE1 /* TheMovieDBUITests.xctest */ = {isa = PBXFileReference; explicitFileType = wrapper.cfbundle; includeInIndex = 0; path = TheMovieDBUITests.xctest; sourceTree = BUILT_PRODUCTS_DIR; };
		79986C3027DC9BAC00B24BE1 /* TheMovieDBUITests.swift */ = {isa = PBXFileReference; lastKnownFileType = sourcecode.swift; path = TheMovieDBUITests.swift; sourceTree = "<group>"; };
		79986C3227DC9BAC00B24BE1 /* TheMovieDBUITestsLaunchTests.swift */ = {isa = PBXFileReference; lastKnownFileType = sourcecode.swift; path = TheMovieDBUITestsLaunchTests.swift; sourceTree = "<group>"; };
		79986C4727DC9DEE00B24BE1 /* HomeProtocol.swift */ = {isa = PBXFileReference; lastKnownFileType = sourcecode.swift; path = HomeProtocol.swift; sourceTree = "<group>"; };
		79986C4927DC9DF700B24BE1 /* HomeInteractor.swift */ = {isa = PBXFileReference; lastKnownFileType = sourcecode.swift; path = HomeInteractor.swift; sourceTree = "<group>"; };
		79986C4B27DC9E0000B24BE1 /* HomePresenter.swift */ = {isa = PBXFileReference; lastKnownFileType = sourcecode.swift; path = HomePresenter.swift; sourceTree = "<group>"; };
		79986C4E27DC9E1100B24BE1 /* HomeRouter.swift */ = {isa = PBXFileReference; lastKnownFileType = sourcecode.swift; path = HomeRouter.swift; sourceTree = "<group>"; };
		79986C5527DC9E6700B24BE1 /* DetailProtocol.swift */ = {isa = PBXFileReference; lastKnownFileType = sourcecode.swift; path = DetailProtocol.swift; sourceTree = "<group>"; };
		79986C5727DC9E7900B24BE1 /* DetailInteractor.swift */ = {isa = PBXFileReference; lastKnownFileType = sourcecode.swift; path = DetailInteractor.swift; sourceTree = "<group>"; };
		79986C5927DC9E8300B24BE1 /* DetailRouter.swift */ = {isa = PBXFileReference; lastKnownFileType = sourcecode.swift; path = DetailRouter.swift; sourceTree = "<group>"; };
		79986C5B27DC9E8A00B24BE1 /* DetailPresenter.swift */ = {isa = PBXFileReference; lastKnownFileType = sourcecode.swift; path = DetailPresenter.swift; sourceTree = "<group>"; };
		79986C5D27DC9EC100B24BE1 /* MovieResponse.swift */ = {isa = PBXFileReference; lastKnownFileType = sourcecode.swift; path = MovieResponse.swift; sourceTree = "<group>"; };
		79B8ED7127E33FB600755175 /* HomeTableViewCell.swift */ = {isa = PBXFileReference; lastKnownFileType = sourcecode.swift; path = HomeTableViewCell.swift; sourceTree = "<group>"; };
/* End PBXFileReference section */

/* Begin PBXFrameworksBuildPhase section */
		79986C0927DC9BAB00B24BE1 /* Frameworks */ = {
			isa = PBXFrameworksBuildPhase;
			buildActionMask = 2147483647;
			files = (
				7925591227E23C0B00939ADF /* Alamofire in Frameworks */,
			);
			runOnlyForDeploymentPostprocessing = 0;
		};
		79986C1F27DC9BAC00B24BE1 /* Frameworks */ = {
			isa = PBXFrameworksBuildPhase;
			buildActionMask = 2147483647;
			files = (
			);
			runOnlyForDeploymentPostprocessing = 0;
		};
		79986C2927DC9BAC00B24BE1 /* Frameworks */ = {
			isa = PBXFrameworksBuildPhase;
			buildActionMask = 2147483647;
			files = (
			);
			runOnlyForDeploymentPostprocessing = 0;
		};
/* End PBXFrameworksBuildPhase section */

/* Begin PBXGroup section */
		79986C0327DC9BAB00B24BE1 = {
			isa = PBXGroup;
			children = (
				79986C0E27DC9BAB00B24BE1 /* TheMovieDB */,
				79986C2527DC9BAC00B24BE1 /* TheMovieDBTests */,
				79986C2F27DC9BAC00B24BE1 /* TheMovieDBUITests */,
				79986C0D27DC9BAB00B24BE1 /* Products */,
			);
			sourceTree = "<group>";
		};
		79986C0D27DC9BAB00B24BE1 /* Products */ = {
			isa = PBXGroup;
			children = (
				79986C0C27DC9BAB00B24BE1 /* TheMovieDB.app */,
				79986C2227DC9BAC00B24BE1 /* TheMovieDBTests.xctest */,
				79986C2C27DC9BAC00B24BE1 /* TheMovieDBUITests.xctest */,
			);
			name = Products;
			sourceTree = "<group>";
		};
		79986C0E27DC9BAB00B24BE1 /* TheMovieDB */ = {
			isa = PBXGroup;
			children = (
				79986C4127DC9D6300B24BE1 /* Network */,
				79986C3F27DC9D2F00B24BE1 /* DetailVC */,
				79986C4027DC9D5A00B24BE1 /* HomeVC */,
				79986C0F27DC9BAB00B24BE1 /* AppDelegate.swift */,
				79986C1127DC9BAB00B24BE1 /* SceneDelegate.swift */,
				79986C1527DC9BAB00B24BE1 /* Main.storyboard */,
				79986C1827DC9BAC00B24BE1 /* Assets.xcassets */,
				79986C1A27DC9BAC00B24BE1 /* LaunchScreen.storyboard */,
				79986C1D27DC9BAC00B24BE1 /* Info.plist */,
			);
			path = TheMovieDB;
			sourceTree = "<group>";
		};
		79986C2527DC9BAC00B24BE1 /* TheMovieDBTests */ = {
			isa = PBXGroup;
			children = (
				79986C2627DC9BAC00B24BE1 /* TheMovieDBTests.swift */,
			);
			path = TheMovieDBTests;
			sourceTree = "<group>";
		};
		79986C2F27DC9BAC00B24BE1 /* TheMovieDBUITests */ = {
			isa = PBXGroup;
			children = (
				79986C3027DC9BAC00B24BE1 /* TheMovieDBUITests.swift */,
				79986C3227DC9BAC00B24BE1 /* TheMovieDBUITestsLaunchTests.swift */,
			);
			path = TheMovieDBUITests;
			sourceTree = "<group>";
		};
		79986C3F27DC9D2F00B24BE1 /* DetailVC */ = {
			isa = PBXGroup;
			children = (
				79986C5427DC9E5500B24BE1 /* Presenter */,
				79986C5327DC9E5000B24BE1 /* Router */,
				79986C5227DC9E4A00B24BE1 /* Interactor */,
				79986C5027DC9E3E00B24BE1 /* Protocol */,
				79986C5127DC9E4600B24BE1 /* View */,
			);
			path = DetailVC;
			sourceTree = "<group>";
		};
		79986C4027DC9D5A00B24BE1 /* HomeVC */ = {
			isa = PBXGroup;
			children = (
				79986C4227DC9D9C00B24BE1 /* Router */,
				79986C4527DC9DAD00B24BE1 /* Interactor */,
				79986C4427DC9DA800B24BE1 /* Presenter */,
				79986C4627DC9DD200B24BE1 /* Protocol */,
				79986C4327DC9DA400B24BE1 /* View */,
			);
			path = HomeVC;
			sourceTree = "<group>";
		};
		79986C4127DC9D6300B24BE1 /* Network */ = {
			isa = PBXGroup;
			children = (
				79986C5D27DC9EC100B24BE1 /* MovieResponse.swift */,
				7925590E27E210C100939ADF /* DetailResponse.swift */,
			);
			path = Network;
			sourceTree = "<group>";
		};
		79986C4227DC9D9C00B24BE1 /* Router */ = {
			isa = PBXGroup;
			children = (
				79986C4E27DC9E1100B24BE1 /* HomeRouter.swift */,
			);
			path = Router;
			sourceTree = "<group>";
		};
		79986C4327DC9DA400B24BE1 /* View */ = {
			isa = PBXGroup;
			children = (
				79B8ED7027E33F9600755175 /* Cells */,
				79986C1327DC9BAB00B24BE1 /* HomeVC.swift */,
			);
			path = View;
			sourceTree = "<group>";
		};
		79986C4427DC9DA800B24BE1 /* Presenter */ = {
			isa = PBXGroup;
			children = (
				79986C4B27DC9E0000B24BE1 /* HomePresenter.swift */,
			);
			path = Presenter;
			sourceTree = "<group>";
		};
		79986C4527DC9DAD00B24BE1 /* Interactor */ = {
			isa = PBXGroup;
			children = (
				79986C4927DC9DF700B24BE1 /* HomeInteractor.swift */,
			);
			path = Interactor;
			sourceTree = "<group>";
		};
		79986C4627DC9DD200B24BE1 /* Protocol */ = {
			isa = PBXGroup;
			children = (
				79986C4727DC9DEE00B24BE1 /* HomeProtocol.swift */,
			);
			path = Protocol;
			sourceTree = "<group>";
		};
		79986C5027DC9E3E00B24BE1 /* Protocol */ = {
			isa = PBXGroup;
			children = (
				79986C5527DC9E6700B24BE1 /* DetailProtocol.swift */,
			);
			path = Protocol;
			sourceTree = "<group>";
		};
		79986C5127DC9E4600B24BE1 /* View */ = {
			isa = PBXGroup;
			children = (
			);
			path = View;
			sourceTree = "<group>";
		};
		79986C5227DC9E4A00B24BE1 /* Interactor */ = {
			isa = PBXGroup;
			children = (
				79986C5727DC9E7900B24BE1 /* DetailInteractor.swift */,
			);
			path = Interactor;
			sourceTree = "<group>";
		};
		79986C5327DC9E5000B24BE1 /* Router */ = {
			isa = PBXGroup;
			children = (
				79986C5927DC9E8300B24BE1 /* DetailRouter.swift */,
			);
			path = Router;
			sourceTree = "<group>";
		};
		79986C5427DC9E5500B24BE1 /* Presenter */ = {
			isa = PBXGroup;
			children = (
				79986C5B27DC9E8A00B24BE1 /* DetailPresenter.swift */,
			);
			path = Presenter;
			sourceTree = "<group>";
		};
		79B8ED7027E33F9600755175 /* Cells */ = {
			isa = PBXGroup;
			children = (
				79B8ED7127E33FB600755175 /* HomeTableViewCell.swift */,
			);
			path = Cells;
			sourceTree = "<group>";
		};
/* End PBXGroup section */

/* Begin PBXNativeTarget section */
		79986C0B27DC9BAB00B24BE1 /* TheMovieDB */ = {
			isa = PBXNativeTarget;
			buildConfigurationList = 79986C3627DC9BAC00B24BE1 /* Build configuration list for PBXNativeTarget "TheMovieDB" */;
			buildPhases = (
				79986C0827DC9BAB00B24BE1 /* Sources */,
				79986C0927DC9BAB00B24BE1 /* Frameworks */,
				79986C0A27DC9BAB00B24BE1 /* Resources */,
			);
			buildRules = (
			);
			dependencies = (
			);
			name = TheMovieDB;
			packageProductDependencies = (
				7925591127E23C0B00939ADF /* Alamofire */,
			);
			productName = TheMovieDB;
			productReference = 79986C0C27DC9BAB00B24BE1 /* TheMovieDB.app */;
			productType = "com.apple.product-type.application";
		};
		79986C2127DC9BAC00B24BE1 /* TheMovieDBTests */ = {
			isa = PBXNativeTarget;
			buildConfigurationList = 79986C3927DC9BAC00B24BE1 /* Build configuration list for PBXNativeTarget "TheMovieDBTests" */;
			buildPhases = (
				79986C1E27DC9BAC00B24BE1 /* Sources */,
				79986C1F27DC9BAC00B24BE1 /* Frameworks */,
				79986C2027DC9BAC00B24BE1 /* Resources */,
			);
			buildRules = (
			);
			dependencies = (
				79986C2427DC9BAC00B24BE1 /* PBXTargetDependency */,
			);
			name = TheMovieDBTests;
			productName = TheMovieDBTests;
			productReference = 79986C2227DC9BAC00B24BE1 /* TheMovieDBTests.xctest */;
			productType = "com.apple.product-type.bundle.unit-test";
		};
		79986C2B27DC9BAC00B24BE1 /* TheMovieDBUITests */ = {
			isa = PBXNativeTarget;
			buildConfigurationList = 79986C3C27DC9BAC00B24BE1 /* Build configuration list for PBXNativeTarget "TheMovieDBUITests" */;
			buildPhases = (
				79986C2827DC9BAC00B24BE1 /* Sources */,
				79986C2927DC9BAC00B24BE1 /* Frameworks */,
				79986C2A27DC9BAC00B24BE1 /* Resources */,
			);
			buildRules = (
			);
			dependencies = (
				79986C2E27DC9BAC00B24BE1 /* PBXTargetDependency */,
			);
			name = TheMovieDBUITests;
			productName = TheMovieDBUITests;
			productReference = 79986C2C27DC9BAC00B24BE1 /* TheMovieDBUITests.xctest */;
			productType = "com.apple.product-type.bundle.ui-testing";
		};
/* End PBXNativeTarget section */

/* Begin PBXProject section */
		79986C0427DC9BAB00B24BE1 /* Project object */ = {
			isa = PBXProject;
			attributes = {
				BuildIndependentTargetsInParallel = 1;
				LastSwiftUpdateCheck = 1320;
				LastUpgradeCheck = 1320;
				TargetAttributes = {
					79986C0B27DC9BAB00B24BE1 = {
						CreatedOnToolsVersion = 13.2;
					};
					79986C2127DC9BAC00B24BE1 = {
						CreatedOnToolsVersion = 13.2;
						TestTargetID = 79986C0B27DC9BAB00B24BE1;
					};
					79986C2B27DC9BAC00B24BE1 = {
						CreatedOnToolsVersion = 13.2;
						TestTargetID = 79986C0B27DC9BAB00B24BE1;
					};
				};
			};
			buildConfigurationList = 79986C0727DC9BAB00B24BE1 /* Build configuration list for PBXProject "TheMovieDB" */;
			compatibilityVersion = "Xcode 13.0";
			developmentRegion = en;
			hasScannedForEncodings = 0;
			knownRegions = (
				en,
				Base,
			);
			mainGroup = 79986C0327DC9BAB00B24BE1;
			packageReferences = (
				7925591027E23C0B00939ADF /* XCRemoteSwiftPackageReference "Alamofire" */,
			);
			productRefGroup = 79986C0D27DC9BAB00B24BE1 /* Products */;
			projectDirPath = "";
			projectRoot = "";
			targets = (
				79986C0B27DC9BAB00B24BE1 /* TheMovieDB */,
				79986C2127DC9BAC00B24BE1 /* TheMovieDBTests */,
				79986C2B27DC9BAC00B24BE1 /* TheMovieDBUITests */,
			);
		};
/* End PBXProject section */

/* Begin PBXResourcesBuildPhase section */
		79986C0A27DC9BAB00B24BE1 /* Resources */ = {
			isa = PBXResourcesBuildPhase;
			buildActionMask = 2147483647;
			files = (
				79986C1C27DC9BAC00B24BE1 /* LaunchScreen.storyboard in Resources */,
				79986C1927DC9BAC00B24BE1 /* Assets.xcassets in Resources */,
				79986C1727DC9BAB00B24BE1 /* Main.storyboard in Resources */,
			);
			runOnlyForDeploymentPostprocessing = 0;
		};
		79986C2027DC9BAC00B24BE1 /* Resources */ = {
			isa = PBXResourcesBuildPhase;
			buildActionMask = 2147483647;
			files = (
			);
			runOnlyForDeploymentPostprocessing = 0;
		};
		79986C2A27DC9BAC00B24BE1 /* Resources */ = {
			isa = PBXResourcesBuildPhase;
			buildActionMask = 2147483647;
			files = (
			);
			runOnlyForDeploymentPostprocessing = 0;
		};
/* End PBXResourcesBuildPhase section */

/* Begin PBXSourcesBuildPhase section */
		79986C0827DC9BAB00B24BE1 /* Sources */ = {
			isa = PBXSourcesBuildPhase;
			buildActionMask = 2147483647;
			files = (
				79986C4827DC9DEE00B24BE1 /* HomeProtocol.swift in Sources */,
				79986C1427DC9BAB00B24BE1 /* HomeVC.swift in Sources */,
				79986C4F27DC9E1100B24BE1 /* HomeRouter.swift in Sources */,
				79986C5827DC9E7900B24BE1 /* DetailInteractor.swift in Sources */,
				79986C5C27DC9E8A00B24BE1 /* DetailPresenter.swift in Sources */,
				79B8ED7227E33FB600755175 /* HomeTableViewCell.swift in Sources */,
				79986C1027DC9BAB00B24BE1 /* AppDelegate.swift in Sources */,
				79986C5A27DC9E8300B24BE1 /* DetailRouter.swift in Sources */,
				79986C5627DC9E6700B24BE1 /* DetailProtocol.swift in Sources */,
				79986C4C27DC9E0000B24BE1 /* HomePresenter.swift in Sources */,
				79986C5E27DC9EC100B24BE1 /* MovieResponse.swift in Sources */,
				7925590F27E210C100939ADF /* DetailResponse.swift in Sources */,
				79986C4A27DC9DF700B24BE1 /* HomeInteractor.swift in Sources */,
				79986C1227DC9BAB00B24BE1 /* SceneDelegate.swift in Sources */,
			);
			runOnlyForDeploymentPostprocessing = 0;
		};
		79986C1E27DC9BAC00B24BE1 /* Sources */ = {
			isa = PBXSourcesBuildPhase;
			buildActionMask = 2147483647;
			files = (
				79986C2727DC9BAC00B24BE1 /* TheMovieDBTests.swift in Sources */,
			);
			runOnlyForDeploymentPostprocessing = 0;
		};
		79986C2827DC9BAC00B24BE1 /* Sources */ = {
			isa = PBXSourcesBuildPhase;
			buildActionMask = 2147483647;
			files = (
				79986C3127DC9BAC00B24BE1 /* TheMovieDBUITests.swift in Sources */,
				79986C3327DC9BAC00B24BE1 /* TheMovieDBUITestsLaunchTests.swift in Sources */,
			);
			runOnlyForDeploymentPostprocessing = 0;
		};
/* End PBXSourcesBuildPhase section */

/* Begin PBXTargetDependency section */
		79986C2427DC9BAC00B24BE1 /* PBXTargetDependency */ = {
			isa = PBXTargetDependency;
			target = 79986C0B27DC9BAB00B24BE1 /* TheMovieDB */;
			targetProxy = 79986C2327DC9BAC00B24BE1 /* PBXContainerItemProxy */;
		};
		79986C2E27DC9BAC00B24BE1 /* PBXTargetDependency */ = {
			isa = PBXTargetDependency;
			target = 79986C0B27DC9BAB00B24BE1 /* TheMovieDB */;
			targetProxy = 79986C2D27DC9BAC00B24BE1 /* PBXContainerItemProxy */;
		};
/* End PBXTargetDependency section */

/* Begin PBXVariantGroup section */
		79986C1527DC9BAB00B24BE1 /* Main.storyboard */ = {
			isa = PBXVariantGroup;
			children = (
				79986C1627DC9BAB00B24BE1 /* Base */,
			);
			name = Main.storyboard;
			sourceTree = "<group>";
		};
		79986C1A27DC9BAC00B24BE1 /* LaunchScreen.storyboard */ = {
			isa = PBXVariantGroup;
			children = (
				79986C1B27DC9BAC00B24BE1 /* Base */,
			);
			name = LaunchScreen.storyboard;
			sourceTree = "<group>";
		};
/* End PBXVariantGroup section */

/* Begin XCBuildConfiguration section */
		79986C3427DC9BAC00B24BE1 /* Debug */ = {
			isa = XCBuildConfiguration;
			buildSettings = {
				ALWAYS_SEARCH_USER_PATHS = NO;
				CLANG_ANALYZER_NONNULL = YES;
				CLANG_ANALYZER_NUMBER_OBJECT_CONVERSION = YES_AGGRESSIVE;
				CLANG_CXX_LANGUAGE_STANDARD = "gnu++17";
				CLANG_CXX_LIBRARY = "libc++";
				CLANG_ENABLE_MODULES = YES;
				CLANG_ENABLE_OBJC_ARC = YES;
				CLANG_ENABLE_OBJC_WEAK = YES;
				CLANG_WARN_BLOCK_CAPTURE_AUTORELEASING = YES;
				CLANG_WARN_BOOL_CONVERSION = YES;
				CLANG_WARN_COMMA = YES;
				CLANG_WARN_CONSTANT_CONVERSION = YES;
				CLANG_WARN_DEPRECATED_OBJC_IMPLEMENTATIONS = YES;
				CLANG_WARN_DIRECT_OBJC_ISA_USAGE = YES_ERROR;
				CLANG_WARN_DOCUMENTATION_COMMENTS = YES;
				CLANG_WARN_EMPTY_BODY = YES;
				CLANG_WARN_ENUM_CONVERSION = YES;
				CLANG_WARN_INFINITE_RECURSION = YES;
				CLANG_WARN_INT_CONVERSION = YES;
				CLANG_WARN_NON_LITERAL_NULL_CONVERSION = YES;
				CLANG_WARN_OBJC_IMPLICIT_RETAIN_SELF = YES;
				CLANG_WARN_OBJC_LITERAL_CONVERSION = YES;
				CLANG_WARN_OBJC_ROOT_CLASS = YES_ERROR;
				CLANG_WARN_QUOTED_INCLUDE_IN_FRAMEWORK_HEADER = YES;
				CLANG_WARN_RANGE_LOOP_ANALYSIS = YES;
				CLANG_WARN_STRICT_PROTOTYPES = YES;
				CLANG_WARN_SUSPICIOUS_MOVE = YES;
				CLANG_WARN_UNGUARDED_AVAILABILITY = YES_AGGRESSIVE;
				CLANG_WARN_UNREACHABLE_CODE = YES;
				CLANG_WARN__DUPLICATE_METHOD_MATCH = YES;
				COPY_PHASE_STRIP = NO;
				DEBUG_INFORMATION_FORMAT = dwarf;
				ENABLE_STRICT_OBJC_MSGSEND = YES;
				ENABLE_TESTABILITY = YES;
				GCC_C_LANGUAGE_STANDARD = gnu11;
				GCC_DYNAMIC_NO_PIC = NO;
				GCC_NO_COMMON_BLOCKS = YES;
				GCC_OPTIMIZATION_LEVEL = 0;
				GCC_PREPROCESSOR_DEFINITIONS = (
					"DEBUG=1",
					"$(inherited)",
				);
				GCC_WARN_64_TO_32_BIT_CONVERSION = YES;
				GCC_WARN_ABOUT_RETURN_TYPE = YES_ERROR;
				GCC_WARN_UNDECLARED_SELECTOR = YES;
				GCC_WARN_UNINITIALIZED_AUTOS = YES_AGGRESSIVE;
				GCC_WARN_UNUSED_FUNCTION = YES;
				GCC_WARN_UNUSED_VARIABLE = YES;
				IPHONEOS_DEPLOYMENT_TARGET = 15.2;
				MTL_ENABLE_DEBUG_INFO = INCLUDE_SOURCE;
				MTL_FAST_MATH = YES;
				ONLY_ACTIVE_ARCH = YES;
				SDKROOT = iphoneos;
				SWIFT_ACTIVE_COMPILATION_CONDITIONS = DEBUG;
				SWIFT_OPTIMIZATION_LEVEL = "-Onone";
			};
			name = Debug;
		};
		79986C3527DC9BAC00B24BE1 /* Release */ = {
			isa = XCBuildConfiguration;
			buildSettings = {
				ALWAYS_SEARCH_USER_PATHS = NO;
				CLANG_ANALYZER_NONNULL = YES;
				CLANG_ANALYZER_NUMBER_OBJECT_CONVERSION = YES_AGGRESSIVE;
				CLANG_CXX_LANGUAGE_STANDARD = "gnu++17";
				CLANG_CXX_LIBRARY = "libc++";
				CLANG_ENABLE_MODULES = YES;
				CLANG_ENABLE_OBJC_ARC = YES;
				CLANG_ENABLE_OBJC_WEAK = YES;
				CLANG_WARN_BLOCK_CAPTURE_AUTORELEASING = YES;
				CLANG_WARN_BOOL_CONVERSION = YES;
				CLANG_WARN_COMMA = YES;
				CLANG_WARN_CONSTANT_CONVERSION = YES;
				CLANG_WARN_DEPRECATED_OBJC_IMPLEMENTATIONS = YES;
				CLANG_WARN_DIRECT_OBJC_ISA_USAGE = YES_ERROR;
				CLANG_WARN_DOCUMENTATION_COMMENTS = YES;
				CLANG_WARN_EMPTY_BODY = YES;
				CLANG_WARN_ENUM_CONVERSION = YES;
				CLANG_WARN_INFINITE_RECURSION = YES;
				CLANG_WARN_INT_CONVERSION = YES;
				CLANG_WARN_NON_LITERAL_NULL_CONVERSION = YES;
				CLANG_WARN_OBJC_IMPLICIT_RETAIN_SELF = YES;
				CLANG_WARN_OBJC_LITERAL_CONVERSION = YES;
				CLANG_WARN_OBJC_ROOT_CLASS = YES_ERROR;
				CLANG_WARN_QUOTED_INCLUDE_IN_FRAMEWORK_HEADER = YES;
				CLANG_WARN_RANGE_LOOP_ANALYSIS = YES;
				CLANG_WARN_STRICT_PROTOTYPES = YES;
				CLANG_WARN_SUSPICIOUS_MOVE = YES;
				CLANG_WARN_UNGUARDED_AVAILABILITY = YES_AGGRESSIVE;
				CLANG_WARN_UNREACHABLE_CODE = YES;
				CLANG_WARN__DUPLICATE_METHOD_MATCH = YES;
				COPY_PHASE_STRIP = NO;
				DEBUG_INFORMATION_FORMAT = "dwarf-with-dsym";
				ENABLE_NS_ASSERTIONS = NO;
				ENABLE_STRICT_OBJC_MSGSEND = YES;
				GCC_C_LANGUAGE_STANDARD = gnu11;
				GCC_NO_COMMON_BLOCKS = YES;
				GCC_WARN_64_TO_32_BIT_CONVERSION = YES;
				GCC_WARN_ABOUT_RETURN_TYPE = YES_ERROR;
				GCC_WARN_UNDECLARED_SELECTOR = YES;
				GCC_WARN_UNINITIALIZED_AUTOS = YES_AGGRESSIVE;
				GCC_WARN_UNUSED_FUNCTION = YES;
				GCC_WARN_UNUSED_VARIABLE = YES;
				IPHONEOS_DEPLOYMENT_TARGET = 15.2;
				MTL_ENABLE_DEBUG_INFO = NO;
				MTL_FAST_MATH = YES;
				SDKROOT = iphoneos;
				SWIFT_COMPILATION_MODE = wholemodule;
				SWIFT_OPTIMIZATION_LEVEL = "-O";
				VALIDATE_PRODUCT = YES;
			};
			name = Release;
		};
		79986C3727DC9BAC00B24BE1 /* Debug */ = {
			isa = XCBuildConfiguration;
			buildSettings = {
				ASSETCATALOG_COMPILER_APPICON_NAME = AppIcon;
				ASSETCATALOG_COMPILER_GLOBAL_ACCENT_COLOR_NAME = AccentColor;
				CODE_SIGN_STYLE = Automatic;
				CURRENT_PROJECT_VERSION = 1;
				GENERATE_INFOPLIST_FILE = YES;
				INFOPLIST_FILE = TheMovieDB/Info.plist;
				INFOPLIST_KEY_UIApplicationSupportsIndirectInputEvents = YES;
				INFOPLIST_KEY_UILaunchStoryboardName = LaunchScreen;
				INFOPLIST_KEY_UIMainStoryboardFile = Main;
				INFOPLIST_KEY_UISupportedInterfaceOrientations_iPad = "UIInterfaceOrientationPortrait UIInterfaceOrientationPortraitUpsideDown UIInterfaceOrientationLandscapeLeft UIInterfaceOrientationLandscapeRight";
				INFOPLIST_KEY_UISupportedInterfaceOrientations_iPhone = "UIInterfaceOrientationPortrait UIInterfaceOrientationLandscapeLeft UIInterfaceOrientationLandscapeRight";
				LD_RUNPATH_SEARCH_PATHS = (
					"$(inherited)",
					"@executable_path/Frameworks",
				);
				MARKETING_VERSION = 1.0;
				PRODUCT_BUNDLE_IDENTIFIER = info.TheMovieDB;
				PRODUCT_NAME = "$(TARGET_NAME)";
				SWIFT_EMIT_LOC_STRINGS = YES;
				SWIFT_VERSION = 5.0;
				TARGETED_DEVICE_FAMILY = "1,2";
			};
			name = Debug;
		};
		79986C3827DC9BAC00B24BE1 /* Release */ = {
			isa = XCBuildConfiguration;
			buildSettings = {
				ASSETCATALOG_COMPILER_APPICON_NAME = AppIcon;
				ASSETCATALOG_COMPILER_GLOBAL_ACCENT_COLOR_NAME = AccentColor;
				CODE_SIGN_STYLE = Automatic;
				CURRENT_PROJECT_VERSION = 1;
				GENERATE_INFOPLIST_FILE = YES;
				INFOPLIST_FILE = TheMovieDB/Info.plist;
				INFOPLIST_KEY_UIApplicationSupportsIndirectInputEvents = YES;
				INFOPLIST_KEY_UILaunchStoryboardName = LaunchScreen;
				INFOPLIST_KEY_UIMainStoryboardFile = Main;
				INFOPLIST_KEY_UISupportedInterfaceOrientations_iPad = "UIInterfaceOrientationPortrait UIInterfaceOrientationPortraitUpsideDown UIInterfaceOrientationLandscapeLeft UIInterfaceOrientationLandscapeRight";
				INFOPLIST_KEY_UISupportedInterfaceOrientations_iPhone = "UIInterfaceOrientationPortrait UIInterfaceOrientationLandscapeLeft UIInterfaceOrientationLandscapeRight";
				LD_RUNPATH_SEARCH_PATHS = (
					"$(inherited)",
					"@executable_path/Frameworks",
				);
				MARKETING_VERSION = 1.0;
				PRODUCT_BUNDLE_IDENTIFIER = info.TheMovieDB;
				PRODUCT_NAME = "$(TARGET_NAME)";
				SWIFT_EMIT_LOC_STRINGS = YES;
				SWIFT_VERSION = 5.0;
				TARGETED_DEVICE_FAMILY = "1,2";
			};
			name = Release;
		};
		79986C3A27DC9BAC00B24BE1 /* Debug */ = {
			isa = XCBuildConfiguration;
			buildSettings = {
				ALWAYS_EMBED_SWIFT_STANDARD_LIBRARIES = YES;
				BUNDLE_LOADER = "$(TEST_HOST)";
				CODE_SIGN_STYLE = Automatic;
				CURRENT_PROJECT_VERSION = 1;
				GENERATE_INFOPLIST_FILE = YES;
				IPHONEOS_DEPLOYMENT_TARGET = 15.2;
				MARKETING_VERSION = 1.0;
				PRODUCT_BUNDLE_IDENTIFIER = info.TheMovieDBTests;
				PRODUCT_NAME = "$(TARGET_NAME)";
				SWIFT_EMIT_LOC_STRINGS = NO;
				SWIFT_VERSION = 5.0;
				TARGETED_DEVICE_FAMILY = "1,2";
				TEST_HOST = "$(BUILT_PRODUCTS_DIR)/TheMovieDB.app/TheMovieDB";
			};
			name = Debug;
		};
		79986C3B27DC9BAC00B24BE1 /* Release */ = {
			isa = XCBuildConfiguration;
			buildSettings = {
				ALWAYS_EMBED_SWIFT_STANDARD_LIBRARIES = YES;
				BUNDLE_LOADER = "$(TEST_HOST)";
				CODE_SIGN_STYLE = Automatic;
				CURRENT_PROJECT_VERSION = 1;
				GENERATE_INFOPLIST_FILE = YES;
				IPHONEOS_DEPLOYMENT_TARGET = 15.2;
				MARKETING_VERSION = 1.0;
				PRODUCT_BUNDLE_IDENTIFIER = info.TheMovieDBTests;
				PRODUCT_NAME = "$(TARGET_NAME)";
				SWIFT_EMIT_LOC_STRINGS = NO;
				SWIFT_VERSION = 5.0;
				TARGETED_DEVICE_FAMILY = "1,2";
				TEST_HOST = "$(BUILT_PRODUCTS_DIR)/TheMovieDB.app/TheMovieDB";
			};
			name = Release;
		};
		79986C3D27DC9BAC00B24BE1 /* Debug */ = {
			isa = XCBuildConfiguration;
			buildSettings = {
				ALWAYS_EMBED_SWIFT_STANDARD_LIBRARIES = YES;
				CODE_SIGN_STYLE = Automatic;
				CURRENT_PROJECT_VERSION = 1;
				GENERATE_INFOPLIST_FILE = YES;
				MARKETING_VERSION = 1.0;
				PRODUCT_BUNDLE_IDENTIFIER = info.TheMovieDBUITests;
				PRODUCT_NAME = "$(TARGET_NAME)";
				SWIFT_EMIT_LOC_STRINGS = NO;
				SWIFT_VERSION = 5.0;
				TARGETED_DEVICE_FAMILY = "1,2";
				TEST_TARGET_NAME = TheMovieDB;
			};
			name = Debug;
		};
		79986C3E27DC9BAC00B24BE1 /* Release */ = {
			isa = XCBuildConfiguration;
			buildSettings = {
				ALWAYS_EMBED_SWIFT_STANDARD_LIBRARIES = YES;
				CODE_SIGN_STYLE = Automatic;
				CURRENT_PROJECT_VERSION = 1;
				GENERATE_INFOPLIST_FILE = YES;
				MARKETING_VERSION = 1.0;
				PRODUCT_BUNDLE_IDENTIFIER = info.TheMovieDBUITests;
				PRODUCT_NAME = "$(TARGET_NAME)";
				SWIFT_EMIT_LOC_STRINGS = NO;
				SWIFT_VERSION = 5.0;
				TARGETED_DEVICE_FAMILY = "1,2";
				TEST_TARGET_NAME = TheMovieDB;
			};
			name = Release;
		};
/* End XCBuildConfiguration section */

/* Begin XCConfigurationList section */
		79986C0727DC9BAB00B24BE1 /* Build configuration list for PBXProject "TheMovieDB" */ = {
			isa = XCConfigurationList;
			buildConfigurations = (
				79986C3427DC9BAC00B24BE1 /* Debug */,
				79986C3527DC9BAC00B24BE1 /* Release */,
			);
			defaultConfigurationIsVisible = 0;
			defaultConfigurationName = Release;
		};
		79986C3627DC9BAC00B24BE1 /* Build configuration list for PBXNativeTarget "TheMovieDB" */ = {
			isa = XCConfigurationList;
			buildConfigurations = (
				79986C3727DC9BAC00B24BE1 /* Debug */,
				79986C3827DC9BAC00B24BE1 /* Release */,
			);
			defaultConfigurationIsVisible = 0;
			defaultConfigurationName = Release;
		};
		79986C3927DC9BAC00B24BE1 /* Build configuration list for PBXNativeTarget "TheMovieDBTests" */ = {
			isa = XCConfigurationList;
			buildConfigurations = (
				79986C3A27DC9BAC00B24BE1 /* Debug */,
				79986C3B27DC9BAC00B24BE1 /* Release */,
			);
			defaultConfigurationIsVisible = 0;
			defaultConfigurationName = Release;
		};
		79986C3C27DC9BAC00B24BE1 /* Build configuration list for PBXNativeTarget "TheMovieDBUITests" */ = {
			isa = XCConfigurationList;
			buildConfigurations = (
				79986C3D27DC9BAC00B24BE1 /* Debug */,
				79986C3E27DC9BAC00B24BE1 /* Release */,
			);
			defaultConfigurationIsVisible = 0;
			defaultConfigurationName = Release;
		};
/* End XCConfigurationList section */

/* Begin XCRemoteSwiftPackageReference section */
		7925591027E23C0B00939ADF /* XCRemoteSwiftPackageReference "Alamofire" */ = {
			isa = XCRemoteSwiftPackageReference;
			repositoryURL = "https://github.com/Alamofire/Alamofire.git";
			requirement = {
				branch = master;
				kind = branch;
			};
		};
/* End XCRemoteSwiftPackageReference section */

/* Begin XCSwiftPackageProductDependency section */
		7925591127E23C0B00939ADF /* Alamofire */ = {
			isa = XCSwiftPackageProductDependency;
			package = 7925591027E23C0B00939ADF /* XCRemoteSwiftPackageReference "Alamofire" */;
			productName = Alamofire;
		};
/* End XCSwiftPackageProductDependency section */
	};
	rootObject = 79986C0427DC9BAB00B24BE1 /* Project object */;
}
